# @generated by Move, please check-in and do not edit manually.

[move]
version = 3
manifest_digest = "1B5BAD840995EDF83F0D77FB3416B3DD7127AB013E9DE7550F689C65ACD2A461"
deps_digest = "F8BBB0CCB2491CA29A3DF03D6F92277A4F3574266507ACD77214D37ECA3F3082"
dependencies = [
  { id = "One", name = "One" },
]

[[move.package]]
id = "MoveStdlib"
source = { git = "https://github.com/one-chain-labs/onechain.git", rev = "main", subdir = "crates/sui-framework/packages/move-stdlib" }

[[move.package]]
id = "One"
source = { git = "https://github.com/one-chain-labs/onechain.git", rev = "main", subdir = "crates/sui-framework/packages/one-framework" }

dependencies = [
  { id = "MoveStdlib", name = "MoveStdlib" },
]

[move.toolchain-version]
compiler-version = "1.0.6"
edition = "2024.beta"
flavor = "one"

[env]

[env.onechain-testnet]
chain-id = "1bd5c965"
original-published-id = "0x02d18d1bf11479decbb49edaa3ab2e1b9f0950afa9e842b7a41008821c622f61"
latest-published-id = "0x02d18d1bf11479decbb49edaa3ab2e1b9f0950afa9e842b7a41008821c622f61"
published-version = "1"
